
Microsoft Visual Studio Solution File, Format Version 12.00
# Visual Studio 2013
VisualStudioVersion = 12.0.21005.1
MinimumVisualStudioVersion = 10.0.40219.1
Project("{FAE04EC0-301F-11D3-BF4B-00C04F79EFBC}") = "ExLP4", "ExLP4\ExLP4.csproj", "{28F79F4C-A225-43D6-9147-332F81B3563E}"
EndProject
Global
	GlobalSection(SolutionConfigurationPlatforms) = preSolution
		Debug|Any CPU = Debug|Any CPU
		Release|Any CPU = Release|Any CPU
	EndGlobalSection
	GlobalSection(ProjectConfigurationPlatforms) = postSolution
		{28F79F4C-A225-43D6-9147-332F81B3563E}.Debug|Any CPU.ActiveCfg = Debug|Any CPU
		{28F79F4C-A225-43D6-9147-332F81B3563E}.Debug|Any CPU.Build.0 = Debug|Any CPU
		{28F79F4C-A225-43D6-9147-332F81B3563E}.Release|Any CPU.ActiveCfg = Release|Any CPU
		{28F79F4C-A225-43D6-9147-332F81B3563E}.Release|Any CPU.Build.0 = Release|Any CPU
	EndGlobalSection
	GlobalSection(SolutionProperties) = preSolution
		HideSolutionNode = FALSE
	EndGlobalSection
EndGlobal
